
Microsoft Visual Studio Solution File, Format Version 12.00
# Visual Studio Version 17
VisualStudioVersion = 17.6.33723.286
MinimumVisualStudioVersion = 10.0.40219.1
Project("{FAE04EC0-301F-11D3-BF4B-00C04F79EFBC}") = "WebApplication3", "WebApplication3\WebApplication3.csproj", "{A7ECFA48-D1F0-40F9-80FE-5FF940E9CCCE}"
EndProject
Global
	GlobalSection(SolutionConfigurationPlatforms) = preSolution
		Debug|Any CPU = Debug|Any CPU
		Release|Any CPU = Release|Any CPU
	EndGlobalSection
	GlobalSection(ProjectConfigurationPlatforms) = postSolution
		{A7ECFA48-D1F0-40F9-80FE-5FF940E9CCCE}.Debug|Any CPU.ActiveCfg = Debug|Any CPU
		{A7ECFA48-D1F0-40F9-80FE-5FF940E9CCCE}.Debug|Any CPU.Build.0 = Debug|Any CPU
		{A7ECFA48-D1F0-40F9-80FE-5FF940E9CCCE}.Release|Any CPU.ActiveCfg = Release|Any CPU
		{A7ECFA48-D1F0-40F9-80FE-5FF940E9CCCE}.Release|Any CPU.Build.0 = Release|Any CPU
	EndGlobalSection
	GlobalSection(SolutionProperties) = preSolution
		HideSolutionNode = FALSE
	EndGlobalSection
	GlobalSection(ExtensibilityGlobals) = postSolution
		SolutionGuid = {64F45CE8-6334-4671-BF84-9CB14D35F5B2}
	EndGlobalSection
EndGlobal
